// !$*UTF8*$!
{
	archiveVersion = 1;
	classes = {
	};
	objectVersion = 56;
	objects = {

/* Begin PBXBuildFile section */
		1F5FCDF82BD59DB1007CD73E /* LandmarksApp.swift in Sources */ = {isa = PBXBuildFile; fileRef = 1F5FCDF72BD59DB1007CD73E /* LandmarksApp.swift */; };
		1F5FCDFA2BD59DB1007CD73E /* ContentView.swift in Sources */ = {isa = PBXBuildFile; fileRef = 1F5FCDF92BD59DB1007CD73E /* ContentView.swift */; };
		1F5FCDFC2BD59DB2007CD73E /* Assets.xcassets in Resources */ = {isa = PBXBuildFile; fileRef = 1F5FCDFB2BD59DB2007CD73E /* Assets.xcassets */; };
		1F5FCDFF2BD59DB2007CD73E /* Preview Assets.xcassets in Resources */ = {isa = PBXBuildFile; fileRef = 1F5FCDFE2BD59DB2007CD73E /* Preview Assets.xcassets */; };
		1F5FCE092BD59DB2007CD73E /* LandmarksTests.swift in Sources */ = {isa = PBXBuildFile; fileRef = 1F5FCE082BD59DB2007CD73E /* LandmarksTests.swift */; };
		1F5FCE132BD59DB2007CD73E /* LandmarksUITests.swift in Sources */ = {isa = PBXBuildFile; fileRef = 1F5FCE122BD59DB2007CD73E /* LandmarksUITests.swift */; };
		1F5FCE152BD59DB2007CD73E /* LandmarksUITestsLaunchTests.swift in Sources */ = {isa = PBXBuildFile; fileRef = 1F5FCE142BD59DB2007CD73E /* LandmarksUITestsLaunchTests.swift */; };
		1F5FCE222BD5A0A3007CD73E /* CircleImage.swift in Sources */ = {isa = PBXBuildFile; fileRef = 1F5FCE212BD5A0A3007CD73E /* CircleImage.swift */; };
		1F5FCE242BD5A36E007CD73E /* MapView.swift in Sources */ = {isa = PBXBuildFile; fileRef = 1F5FCE232BD5A36E007CD73E /* MapView.swift */; };
		1F5FCE262BD5A944007CD73E /* landmarkData.json in Resources */ = {isa = PBXBuildFile; fileRef = 1F5FCE252BD5A944007CD73E /* landmarkData.json */; };
		1F5FCE282BD5A98F007CD73E /* Landmark.swift in Sources */ = {isa = PBXBuildFile; fileRef = 1F5FCE272BD5A98F007CD73E /* Landmark.swift */; };
		1F5FCE2A2BD5ABDA007CD73E /* ModelData.swift in Sources */ = {isa = PBXBuildFile; fileRef = 1F5FCE292BD5ABDA007CD73E /* ModelData.swift */; };
		1F5FCE2E2BD5B102007CD73E /* LandmarkRow.swift in Sources */ = {isa = PBXBuildFile; fileRef = 1F5FCE2D2BD5B102007CD73E /* LandmarkRow.swift */; };
		1F5FCE302BD5B375007CD73E /* LandmarkList.swift in Sources */ = {isa = PBXBuildFile; fileRef = 1F5FCE2F2BD5B375007CD73E /* LandmarkList.swift */; };
/* End PBXBuildFile section */

/* Begin PBXContainerItemProxy section */
		1F5FCE052BD59DB2007CD73E /* PBXContainerItemProxy */ = {
			isa = PBXContainerItemProxy;
			containerPortal = 1F5FCDEC2BD59DB1007CD73E /* Project object */;
			proxyType = 1;
			remoteGlobalIDString = 1F5FCDF32BD59DB1007CD73E;
			remoteInfo = Landmarks;
		};
		1F5FCE0F2BD59DB2007CD73E /* PBXContainerItemProxy */ = {
			isa = PBXContainerItemProxy;
			containerPortal = 1F5FCDEC2BD59DB1007CD73E /* Project object */;
			proxyType = 1;
			remoteGlobalIDString = 1F5FCDF32BD59DB1007CD73E;
			remoteInfo = Landmarks;
		};
/* End PBXContainerItemProxy section */

/* Begin PBXFileReference section */
		1F5FCDF42BD59DB1007CD73E /* Landmarks.app */ = {isa = PBXFileReference; explicitFileType = wrapper.application; includeInIndex = 0; path = Landmarks.app; sourceTree = BUILT_PRODUCTS_DIR; };
		1F5FCDF72BD59DB1007CD73E /* LandmarksApp.swift */ = {isa = PBXFileReference; lastKnownFileType = sourcecode.swift; path = LandmarksApp.swift; sourceTree = "<group>"; };
		1F5FCDF92BD59DB1007CD73E /* ContentView.swift */ = {isa = PBXFileReference; lastKnownFileType = sourcecode.swift; path = ContentView.swift; sourceTree = "<group>"; };
		1F5FCDFB2BD59DB2007CD73E /* Assets.xcassets */ = {isa = PBXFileReference; lastKnownFileType = folder.assetcatalog; path = Assets.xcassets; sourceTree = "<group>"; };
		1F5FCDFE2BD59DB2007CD73E /* Preview Assets.xcassets */ = {isa = PBXFileReference; lastKnownFileType = folder.assetcatalog; path = "Preview Assets.xcassets"; sourceTree = "<group>"; };
		1F5FCE042BD59DB2007CD73E /* LandmarksTests.xctest */ = {isa = PBXFileReference; explicitFileType = wrapper.cfbundle; includeInIndex = 0; path = LandmarksTests.xctest; sourceTree = BUILT_PRODUCTS_DIR; };
		1F5FCE082BD59DB2007CD73E /* LandmarksTests.swift */ = {isa = PBXFileReference; lastKnownFileType = sourcecode.swift; path = LandmarksTests.swift; sourceTree = "<group>"; };
		1F5FCE0E2BD59DB2007CD73E /* LandmarksUITests.xctest */ = {isa = PBXFileReference; explicitFileType = wrapper.cfbundle; includeInIndex = 0; path = LandmarksUITests.xctest; sourceTree = BUILT_PRODUCTS_DIR; };
		1F5FCE122BD59DB2007CD73E /* LandmarksUITests.swift */ = {isa = PBXFileReference; lastKnownFileType = sourcecode.swift; path = LandmarksUITests.swift; sourceTree = "<group>"; };
		1F5FCE142BD59DB2007CD73E /* LandmarksUITestsLaunchTests.swift */ = {isa = PBXFileReference; lastKnownFileType = sourcecode.swift; path = LandmarksUITestsLaunchTests.swift; sourceTree = "<group>"; };
		1F5FCE212BD5A0A3007CD73E /* CircleImage.swift */ = {isa = PBXFileReference; lastKnownFileType = sourcecode.swift; path = CircleImage.swift; sourceTree = "<group>"; };
		1F5FCE232BD5A36E007CD73E /* MapView.swift */ = {isa = PBXFileReference; lastKnownFileType = sourcecode.swift; path = MapView.swift; sourceTree = "<group>"; };
		1F5FCE252BD5A944007CD73E /* landmarkData.json */ = {isa = PBXFileReference; fileEncoding = 4; lastKnownFileType = text.json; path = landmarkData.json; sourceTree = "<group>"; };
		1F5FCE272BD5A98F007CD73E /* Landmark.swift */ = {isa = PBXFileReference; lastKnownFileType = sourcecode.swift; path = Landmark.swift; sourceTree = "<group>"; };
		1F5FCE292BD5ABDA007CD73E /* ModelData.swift */ = {isa = PBXFileReference; lastKnownFileType = sourcecode.swift; path = ModelData.swift; sourceTree = "<group>"; };
		1F5FCE2D2BD5B102007CD73E /* LandmarkRow.swift */ = {isa = PBXFileReference; lastKnownFileType = sourcecode.swift; path = LandmarkRow.swift; sourceTree = "<group>"; };
		1F5FCE2F2BD5B375007CD73E /* LandmarkList.swift */ = {isa = PBXFileReference; lastKnownFileType = sourcecode.swift; path = LandmarkList.swift; sourceTree = "<group>"; };
/* End PBXFileReference section */

/* Begin PBXFrameworksBuildPhase section */
		1F5FCDF12BD59DB1007CD73E /* Frameworks */ = {
			isa = PBXFrameworksBuildPhase;
			buildActionMask = 2147483647;
			files = (
			);
			runOnlyForDeploymentPostprocessing = 0;
		};
		1F5FCE012BD59DB2007CD73E /* Frameworks */ = {
			isa = PBXFrameworksBuildPhase;
			buildActionMask = 2147483647;
			files = (
			);
			runOnlyForDeploymentPostprocessing = 0;
		};
		1F5FCE0B2BD59DB2007CD73E /* Frameworks */ = {
			isa = PBXFrameworksBuildPhase;
			buildActionMask = 2147483647;
			files = (
			);
			runOnlyForDeploymentPostprocessing = 0;
		};
/* End PBXFrameworksBuildPhase section */

/* Begin PBXGroup section */
		1F5FCDEB2BD59DB1007CD73E = {
			isa = PBXGroup;
			children = (
				1F5FCDF62BD59DB1007CD73E /* Landmarks */,
				1F5FCE072BD59DB2007CD73E /* LandmarksTests */,
				1F5FCE112BD59DB2007CD73E /* LandmarksUITests */,
				1F5FCDF52BD59DB1007CD73E /* Products */,
			);
			sourceTree = "<group>";
		};
		1F5FCDF52BD59DB1007CD73E /* Products */ = {
			isa = PBXGroup;
			children = (
				1F5FCDF42BD59DB1007CD73E /* Landmarks.app */,
				1F5FCE042BD59DB2007CD73E /* LandmarksTests.xctest */,
				1F5FCE0E2BD59DB2007CD73E /* LandmarksUITests.xctest */,
			);
			name = Products;
			sourceTree = "<group>";
		};
		1F5FCDF62BD59DB1007CD73E /* Landmarks */ = {
			isa = PBXGroup;
			children = (
				1F5FCDF72BD59DB1007CD73E /* LandmarksApp.swift */,
				1F5FCDF92BD59DB1007CD73E /* ContentView.swift */,
				1F5FCE212BD5A0A3007CD73E /* CircleImage.swift */,
				1F5FCE232BD5A36E007CD73E /* MapView.swift */,
				1F5FCE2F2BD5B375007CD73E /* LandmarkList.swift */,
				1F5FCE2D2BD5B102007CD73E /* LandmarkRow.swift */,
				1F5FCDFB2BD59DB2007CD73E /* Assets.xcassets */,
				1F5FCE2C2BD5B082007CD73E /* Resources */,
				1F5FCDFD2BD59DB2007CD73E /* Preview Content */,
				1F5FCE2B2BD5B06D007CD73E /* Model */,
			);
			path = Landmarks;
			sourceTree = "<group>";
		};
		1F5FCDFD2BD59DB2007CD73E /* Preview Content */ = {
			isa = PBXGroup;
			children = (
				1F5FCDFE2BD59DB2007CD73E /* Preview Assets.xcassets */,
			);
			path = "Preview Content";
			sourceTree = "<group>";
		};
		1F5FCE072BD59DB2007CD73E /* LandmarksTests */ = {
			isa = PBXGroup;
			children = (
				1F5FCE082BD59DB2007CD73E /* LandmarksTests.swift */,
			);
			path = LandmarksTests;
			sourceTree = "<group>";
		};
		1F5FCE112BD59DB2007CD73E /* LandmarksUITests */ = {
			isa = PBXGroup;
			children = (
				1F5FCE122BD59DB2007CD73E /* LandmarksUITests.swift */,
				1F5FCE142BD59DB2007CD73E /* LandmarksUITestsLaunchTests.swift */,
			);
			path = LandmarksUITests;
			sourceTree = "<group>";
		};
		1F5FCE2B2BD5B06D007CD73E /* Model */ = {
			isa = PBXGroup;
			children = (
				1F5FCE272BD5A98F007CD73E /* Landmark.swift */,
				1F5FCE292BD5ABDA007CD73E /* ModelData.swift */,
			);
			path = Model;
			sourceTree = "<group>";
		};
		1F5FCE2C2BD5B082007CD73E /* Resources */ = {
			isa = PBXGroup;
			children = (
				1F5FCE252BD5A944007CD73E /* landmarkData.json */,
			);
			path = Resources;
			sourceTree = "<group>";
		};
/* End PBXGroup section */

/* Begin PBXNativeTarget section */
		1F5FCDF32BD59DB1007CD73E /* Landmarks */ = {
			isa = PBXNativeTarget;
			buildConfigurationList = 1F5FCE182BD59DB2007CD73E /* Build configuration list for PBXNativeTarget "Landmarks" */;
			buildPhases = (
				1F5FCDF02BD59DB1007CD73E /* Sources */,
				1F5FCDF12BD59DB1007CD73E /* Frameworks */,
				1F5FCDF22BD59DB1007CD73E /* Resources */,
			);
			buildRules = (
			);
			dependencies = (
			);
			name = Landmarks;
			productName = Landmarks;
			productReference = 1F5FCDF42BD59DB1007CD73E /* Landmarks.app */;
			productType = "com.apple.product-type.application";
		};
		1F5FCE032BD59DB2007CD73E /* LandmarksTests */ = {
			isa = PBXNativeTarget;
			buildConfigurationList = 1F5FCE1B2BD59DB2007CD73E /* Build configuration list for PBXNativeTarget "LandmarksTests" */;
			buildPhases = (
				1F5FCE002BD59DB2007CD73E /* Sources */,
				1F5FCE012BD59DB2007CD73E /* Frameworks */,
				1F5FCE022BD59DB2007CD73E /* Resources */,
			);
			buildRules = (
			);
			dependencies = (
				1F5FCE062BD59DB2007CD73E /* PBXTargetDependency */,
			);
			name = LandmarksTests;
			productName = LandmarksTests;
			productReference = 1F5FCE042BD59DB2007CD73E /* LandmarksTests.xctest */;
			productType = "com.apple.product-type.bundle.unit-test";
		};
		1F5FCE0D2BD59DB2007CD73E /* LandmarksUITests */ = {
			isa = PBXNativeTarget;
			buildConfigurationList = 1F5FCE1E2BD59DB2007CD73E /* Build configuration list for PBXNativeTarget "LandmarksUITests" */;
			buildPhases = (
				1F5FCE0A2BD59DB2007CD73E /* Sources */,
				1F5FCE0B2BD59DB2007CD73E /* Frameworks */,
				1F5FCE0C2BD59DB2007CD73E /* Resources */,
			);
			buildRules = (
			);
			dependencies = (
				1F5FCE102BD59DB2007CD73E /* PBXTargetDependency */,
			);
			name = LandmarksUITests;
			productName = LandmarksUITests;
			productReference = 1F5FCE0E2BD59DB2007CD73E /* LandmarksUITests.xctest */;
			productType = "com.apple.product-type.bundle.ui-testing";
		};
/* End PBXNativeTarget section */

/* Begin PBXProject section */
		1F5FCDEC2BD59DB1007CD73E /* Project object */ = {
			isa = PBXProject;
			attributes = {
				BuildIndependentTargetsInParallel = 1;
				LastSwiftUpdateCheck = 1530;
				LastUpgradeCheck = 1530;
				TargetAttributes = {
					1F5FCDF32BD59DB1007CD73E = {
						CreatedOnToolsVersion = 15.3;
					};
					1F5FCE032BD59DB2007CD73E = {
						CreatedOnToolsVersion = 15.3;
						TestTargetID = 1F5FCDF32BD59DB1007CD73E;
					};
					1F5FCE0D2BD59DB2007CD73E = {
						CreatedOnToolsVersion = 15.3;
						TestTargetID = 1F5FCDF32BD59DB1007CD73E;
					};
				};
			};
			buildConfigurationList = 1F5FCDEF2BD59DB1007CD73E /* Build configuration list for PBXProject "Landmarks" */;
			compatibilityVersion = "Xcode 14.0";
			developmentRegion = en;
			hasScannedForEncodings = 0;
			knownRegions = (
				en,
				Base,
			);
			mainGroup = 1F5FCDEB2BD59DB1007CD73E;
			productRefGroup = 1F5FCDF52BD59DB1007CD73E /* Products */;
			projectDirPath = "";
			projectRoot = "";
			targets = (
				1F5FCDF32BD59DB1007CD73E /* Landmarks */,
				1F5FCE032BD59DB2007CD73E /* LandmarksTests */,
				1F5FCE0D2BD59DB2007CD73E /* LandmarksUITests */,
			);
		};
/* End PBXProject section */

/* Begin PBXResourcesBuildPhase section */
		1F5FCDF22BD59DB1007CD73E /* Resources */ = {
			isa = PBXResourcesBuildPhase;
			buildActionMask = 2147483647;
			files = (
				1F5FCDFF2BD59DB2007CD73E /* Preview Assets.xcassets in Resources */,
				1F5FCDFC2BD59DB2007CD73E /* Assets.xcassets in Resources */,
				1F5FCE262BD5A944007CD73E /* landmarkData.json in Resources */,
			);
			runOnlyForDeploymentPostprocessing = 0;
		};
		1F5FCE022BD59DB2007CD73E /* Resources */ = {
			isa = PBXResourcesBuildPhase;
			buildActionMask = 2147483647;
			files = (
			);
			runOnlyForDeploymentPostprocessing = 0;
		};
		1F5FCE0C2BD59DB2007CD73E /* Resources */ = {
			isa = PBXResourcesBuildPhase;
			buildActionMask = 2147483647;
			files = (
			);
			runOnlyForDeploymentPostprocessing = 0;
		};
/* End PBXResourcesBuildPhase section */

/* Begin PBXSourcesBuildPhase section */
		1F5FCDF02BD59DB1007CD73E /* Sources */ = {
			isa = PBXSourcesBuildPhase;
			buildActionMask = 2147483647;
			files = (
				1F5FCDFA2BD59DB1007CD73E /* ContentView.swift in Sources */,
				1F5FCE242BD5A36E007CD73E /* MapView.swift in Sources */,
				1F5FCDF82BD59DB1007CD73E /* LandmarksApp.swift in Sources */,
				1F5FCE302BD5B375007CD73E /* LandmarkList.swift in Sources */,
				1F5FCE222BD5A0A3007CD73E /* CircleImage.swift in Sources */,
				1F5FCE282BD5A98F007CD73E /* Landmark.swift in Sources */,
				1F5FCE2E2BD5B102007CD73E /* LandmarkRow.swift in Sources */,
				1F5FCE2A2BD5ABDA007CD73E /* ModelData.swift in Sources */,
			);
			runOnlyForDeploymentPostprocessing = 0;
		};
		1F5FCE002BD59DB2007CD73E /* Sources */ = {
			isa = PBXSourcesBuildPhase;
			buildActionMask = 2147483647;
			files = (
				1F5FCE092BD59DB2007CD73E /* LandmarksTests.swift in Sources */,
			);
			runOnlyForDeploymentPostprocessing = 0;
		};
		1F5FCE0A2BD59DB2007CD73E /* Sources */ = {
			isa = PBXSourcesBuildPhase;
			buildActionMask = 2147483647;
			files = (
				1F5FCE152BD59DB2007CD73E /* LandmarksUITestsLaunchTests.swift in Sources */,
				1F5FCE132BD59DB2007CD73E /* LandmarksUITests.swift in Sources */,
			);
			runOnlyForDeploymentPostprocessing = 0;
		};
/* End PBXSourcesBuildPhase section */

/* Begin PBXTargetDependency section */
		1F5FCE062BD59DB2007CD73E /* PBXTargetDependency */ = {
			isa = PBXTargetDependency;
			target = 1F5FCDF32BD59DB1007CD73E /* Landmarks */;
			targetProxy = 1F5FCE052BD59DB2007CD73E /* PBXContainerItemProxy */;
		};
		1F5FCE102BD59DB2007CD73E /* PBXTargetDependency */ = {
			isa = PBXTargetDependency;
			target = 1F5FCDF32BD59DB1007CD73E /* Landmarks */;
			targetProxy = 1F5FCE0F2BD59DB2007CD73E /* PBXContainerItemProxy */;
		};
/* End PBXTargetDependency section */

/* Begin XCBuildConfiguration section */
		1F5FCE162BD59DB2007CD73E /* Debug */ = {
			isa = XCBuildConfiguration;
			buildSettings = {
				ALWAYS_SEARCH_USER_PATHS = NO;
				ASSETCATALOG_COMPILER_GENERATE_SWIFT_ASSET_SYMBOL_EXTENSIONS = YES;
				CLANG_ANALYZER_NONNULL = YES;
				CLANG_ANALYZER_NUMBER_OBJECT_CONVERSION = YES_AGGRESSIVE;
				CLANG_CXX_LANGUAGE_STANDARD = "gnu++20";
				CLANG_ENABLE_MODULES = YES;
				CLANG_ENABLE_OBJC_ARC = YES;
				CLANG_ENABLE_OBJC_WEAK = YES;
				CLANG_WARN_BLOCK_CAPTURE_AUTORELEASING = YES;
				CLANG_WARN_BOOL_CONVERSION = YES;
				CLANG_WARN_COMMA = YES;
				CLANG_WARN_CONSTANT_CONVERSION = YES;
				CLANG_WARN_DEPRECATED_OBJC_IMPLEMENTATIONS = YES;
				CLANG_WARN_DIRECT_OBJC_ISA_USAGE = YES_ERROR;
				CLANG_WARN_DOCUMENTATION_COMMENTS = YES;
				CLANG_WARN_EMPTY_BODY = YES;
				CLANG_WARN_ENUM_CONVERSION = YES;
				CLANG_WARN_INFINITE_RECURSION = YES;
				CLANG_WARN_INT_CONVERSION = YES;
				CLANG_WARN_NON_LITERAL_NULL_CONVERSION = YES;
				CLANG_WARN_OBJC_IMPLICIT_RETAIN_SELF = YES;
				CLANG_WARN_OBJC_LITERAL_CONVERSION = YES;
				CLANG_WARN_OBJC_ROOT_CLASS = YES_ERROR;
				CLANG_WARN_QUOTED_INCLUDE_IN_FRAMEWORK_HEADER = YES;
				CLANG_WARN_RANGE_LOOP_ANALYSIS = YES;
				CLANG_WARN_STRICT_PROTOTYPES = YES;
				CLANG_WARN_SUSPICIOUS_MOVE = YES;
				CLANG_WARN_UNGUARDED_AVAILABILITY = YES_AGGRESSIVE;
				CLANG_WARN_UNREACHABLE_CODE = YES;
				CLANG_WARN__DUPLICATE_METHOD_MATCH = YES;
				COPY_PHASE_STRIP = NO;
				DEBUG_INFORMATION_FORMAT = dwarf;
				ENABLE_STRICT_OBJC_MSGSEND = YES;
				ENABLE_TESTABILITY = YES;
				ENABLE_USER_SCRIPT_SANDBOXING = YES;
				GCC_C_LANGUAGE_STANDARD = gnu17;
				GCC_DYNAMIC_NO_PIC = NO;
				GCC_NO_COMMON_BLOCKS = YES;
				GCC_OPTIMIZATION_LEVEL = 0;
				GCC_PREPROCESSOR_DEFINITIONS = (
					"DEBUG=1",
					"$(inherited)",
				);
				GCC_WARN_64_TO_32_BIT_CONVERSION = YES;
				GCC_WARN_ABOUT_RETURN_TYPE = YES_ERROR;
				GCC_WARN_UNDECLARED_SELECTOR = YES;
				GCC_WARN_UNINITIALIZED_AUTOS = YES_AGGRESSIVE;
				GCC_WARN_UNUSED_FUNCTION = YES;
				GCC_WARN_UNUSED_VARIABLE = YES;
				IPHONEOS_DEPLOYMENT_TARGET = 17.4;
				LOCALIZATION_PREFERS_STRING_CATALOGS = YES;
				MTL_ENABLE_DEBUG_INFO = INCLUDE_SOURCE;
				MTL_FAST_MATH = YES;
				ONLY_ACTIVE_ARCH = YES;
				SDKROOT = iphoneos;
				SWIFT_ACTIVE_COMPILATION_CONDITIONS = "DEBUG $(inherited)";
				SWIFT_OPTIMIZATION_LEVEL = "-Onone";
			};
			name = Debug;
		};
		1F5FCE172BD59DB2007CD73E /* Release */ = {
			isa = XCBuildConfiguration;
			buildSettings = {
				ALWAYS_SEARCH_USER_PATHS = NO;
				ASSETCATALOG_COMPILER_GENERATE_SWIFT_ASSET_SYMBOL_EXTENSIONS = YES;
				CLANG_ANALYZER_NONNULL = YES;
				CLANG_ANALYZER_NUMBER_OBJECT_CONVERSION = YES_AGGRESSIVE;
				CLANG_CXX_LANGUAGE_STANDARD = "gnu++20";
				CLANG_ENABLE_MODULES = YES;
				CLANG_ENABLE_OBJC_ARC = YES;
				CLANG_ENABLE_OBJC_WEAK = YES;
				CLANG_WARN_BLOCK_CAPTURE_AUTORELEASING = YES;
				CLANG_WARN_BOOL_CONVERSION = YES;
				CLANG_WARN_COMMA = YES;
				CLANG_WARN_CONSTANT_CONVERSION = YES;
				CLANG_WARN_DEPRECATED_OBJC_IMPLEMENTATIONS = YES;
				CLANG_WARN_DIRECT_OBJC_ISA_USAGE = YES_ERROR;
				CLANG_WARN_DOCUMENTATION_COMMENTS = YES;
				CLANG_WARN_EMPTY_BODY = YES;
				CLANG_WARN_ENUM_CONVERSION = YES;
				CLANG_WARN_INFINITE_RECURSION = YES;
				CLANG_WARN_INT_CONVERSION = YES;
				CLANG_WARN_NON_LITERAL_NULL_CONVERSION = YES;
				CLANG_WARN_OBJC_IMPLICIT_RETAIN_SELF = YES;
				CLANG_WARN_OBJC_LITERAL_CONVERSION = YES;
				CLANG_WARN_OBJC_ROOT_CLASS = YES_ERROR;
				CLANG_WARN_QUOTED_INCLUDE_IN_FRAMEWORK_HEADER = YES;
				CLANG_WARN_RANGE_LOOP_ANALYSIS = YES;
				CLANG_WARN_STRICT_PROTOTYPES = YES;
				CLANG_WARN_SUSPICIOUS_MOVE = YES;
				CLANG_WARN_UNGUARDED_AVAILABILITY = YES_AGGRESSIVE;
				CLANG_WARN_UNREACHABLE_CODE = YES;
				CLANG_WARN__DUPLICATE_METHOD_MATCH = YES;
				COPY_PHASE_STRIP = NO;
				DEBUG_INFORMATION_FORMAT = "dwarf-with-dsym";
				ENABLE_NS_ASSERTIONS = NO;
				ENABLE_STRICT_OBJC_MSGSEND = YES;
				ENABLE_USER_SCRIPT_SANDBOXING = YES;
				GCC_C_LANGUAGE_STANDARD = gnu17;
				GCC_NO_COMMON_BLOCKS = YES;
				GCC_WARN_64_TO_32_BIT_CONVERSION = YES;
				GCC_WARN_ABOUT_RETURN_TYPE = YES_ERROR;
				GCC_WARN_UNDECLARED_SELECTOR = YES;
				GCC_WARN_UNINITIALIZED_AUTOS = YES_AGGRESSIVE;
				GCC_WARN_UNUSED_FUNCTION = YES;
				GCC_WARN_UNUSED_VARIABLE = YES;
				IPHONEOS_DEPLOYMENT_TARGET = 17.4;
				LOCALIZATION_PREFERS_STRING_CATALOGS = YES;
				MTL_ENABLE_DEBUG_INFO = NO;
				MTL_FAST_MATH = YES;
				SDKROOT = iphoneos;
				SWIFT_COMPILATION_MODE = wholemodule;
				VALIDATE_PRODUCT = YES;
			};
			name = Release;
		};
		1F5FCE192BD59DB2007CD73E /* Debug */ = {
			isa = XCBuildConfiguration;
			buildSettings = {
				ASSETCATALOG_COMPILER_APPICON_NAME = AppIcon;
				ASSETCATALOG_COMPILER_GLOBAL_ACCENT_COLOR_NAME = AccentColor;
				CODE_SIGN_STYLE = Automatic;
				CURRENT_PROJECT_VERSION = 1;
				DEVELOPMENT_ASSET_PATHS = "\"Landmarks/Preview Content\"";
				DEVELOPMENT_TEAM = 34BQ4K53KH;
				ENABLE_PREVIEWS = YES;
				GENERATE_INFOPLIST_FILE = YES;
				INFOPLIST_KEY_UIApplicationSceneManifest_Generation = YES;
				INFOPLIST_KEY_UIApplicationSupportsIndirectInputEvents = YES;
				INFOPLIST_KEY_UILaunchScreen_Generation = YES;
				INFOPLIST_KEY_UISupportedInterfaceOrientations_iPad = "UIInterfaceOrientationPortrait UIInterfaceOrientationPortraitUpsideDown UIInterfaceOrientationLandscapeLeft UIInterfaceOrientationLandscapeRight";
				INFOPLIST_KEY_UISupportedInterfaceOrientations_iPhone = "UIInterfaceOrientationPortrait UIInterfaceOrientationLandscapeLeft UIInterfaceOrientationLandscapeRight";
				LD_RUNPATH_SEARCH_PATHS = (
					"$(inherited)",
					"@executable_path/Frameworks",
				);
				MARKETING_VERSION = 1.0;
				PRODUCT_BUNDLE_IDENTIFIER = tboneil.Landmarks;
				PRODUCT_NAME = "$(TARGET_NAME)";
				SWIFT_EMIT_LOC_STRINGS = YES;
				SWIFT_VERSION = 5.0;
				TARGETED_DEVICE_FAMILY = "1,2";
			};
			name = Debug;
		};
		1F5FCE1A2BD59DB2007CD73E /* Release */ = {
			isa = XCBuildConfiguration;
			buildSettings = {
				ASSETCATALOG_COMPILER_APPICON_NAME = AppIcon;
				ASSETCATALOG_COMPILER_GLOBAL_ACCENT_COLOR_NAME = AccentColor;
				CODE_SIGN_STYLE = Automatic;
				CURRENT_PROJECT_VERSION = 1;
				DEVELOPMENT_ASSET_PATHS = "\"Landmarks/Preview Content\"";
				DEVELOPMENT_TEAM = 34BQ4K53KH;
				ENABLE_PREVIEWS = YES;
				GENERATE_INFOPLIST_FILE = YES;
				INFOPLIST_KEY_UIApplicationSceneManifest_Generation = YES;
				INFOPLIST_KEY_UIApplicationSupportsIndirectInputEvents = YES;
				INFOPLIST_KEY_UILaunchScreen_Generation = YES;
				INFOPLIST_KEY_UISupportedInterfaceOrientations_iPad = "UIInterfaceOrientationPortrait UIInterfaceOrientationPortraitUpsideDown UIInterfaceOrientationLandscapeLeft UIInterfaceOrientationLandscapeRight";
				INFOPLIST_KEY_UISupportedInterfaceOrientations_iPhone = "UIInterfaceOrientationPortrait UIInterfaceOrientationLandscapeLeft UIInterfaceOrientationLandscapeRight";
				LD_RUNPATH_SEARCH_PATHS = (
					"$(inherited)",
					"@executable_path/Frameworks",
				);
				MARKETING_VERSION = 1.0;
				PRODUCT_BUNDLE_IDENTIFIER = tboneil.Landmarks;
				PRODUCT_NAME = "$(TARGET_NAME)";
				SWIFT_EMIT_LOC_STRINGS = YES;
				SWIFT_VERSION = 5.0;
				TARGETED_DEVICE_FAMILY = "1,2";
			};
			name = Release;
		};
		1F5FCE1C2BD59DB2007CD73E /* Debug */ = {
			isa = XCBuildConfiguration;
			buildSettings = {
				ALWAYS_EMBED_SWIFT_STANDARD_LIBRARIES = YES;
				BUNDLE_LOADER = "$(TEST_HOST)";
				CODE_SIGN_STYLE = Automatic;
				CURRENT_PROJECT_VERSION = 1;
				DEVELOPMENT_TEAM = 34BQ4K53KH;
				GENERATE_INFOPLIST_FILE = YES;
				IPHONEOS_DEPLOYMENT_TARGET = 17.4;
				MARKETING_VERSION = 1.0;
				PRODUCT_BUNDLE_IDENTIFIER = tboneil.LandmarksTests;
				PRODUCT_NAME = "$(TARGET_NAME)";
				SWIFT_EMIT_LOC_STRINGS = NO;
				SWIFT_VERSION = 5.0;
				TARGETED_DEVICE_FAMILY = "1,2";
				TEST_HOST = "$(BUILT_PRODUCTS_DIR)/Landmarks.app/$(BUNDLE_EXECUTABLE_FOLDER_PATH)/Landmarks";
			};
			name = Debug;
		};
		1F5FCE1D2BD59DB2007CD73E /* Release */ = {
			isa = XCBuildConfiguration;
			buildSettings = {
				ALWAYS_EMBED_SWIFT_STANDARD_LIBRARIES = YES;
				BUNDLE_LOADER = "$(TEST_HOST)";
				CODE_SIGN_STYLE = Automatic;
				CURRENT_PROJECT_VERSION = 1;
				DEVELOPMENT_TEAM = 34BQ4K53KH;
				GENERATE_INFOPLIST_FILE = YES;
				IPHONEOS_DEPLOYMENT_TARGET = 17.4;
				MARKETING_VERSION = 1.0;
				PRODUCT_BUNDLE_IDENTIFIER = tboneil.LandmarksTests;
				PRODUCT_NAME = "$(TARGET_NAME)";
				SWIFT_EMIT_LOC_STRINGS = NO;
				SWIFT_VERSION = 5.0;
				TARGETED_DEVICE_FAMILY = "1,2";
				TEST_HOST = "$(BUILT_PRODUCTS_DIR)/Landmarks.app/$(BUNDLE_EXECUTABLE_FOLDER_PATH)/Landmarks";
			};
			name = Release;
		};
		1F5FCE1F2BD59DB2007CD73E /* Debug */ = {
			isa = XCBuildConfiguration;
			buildSettings = {
				ALWAYS_EMBED_SWIFT_STANDARD_LIBRARIES = YES;
				CODE_SIGN_STYLE = Automatic;
				CURRENT_PROJECT_VERSION = 1;
				DEVELOPMENT_TEAM = 34BQ4K53KH;
				GENERATE_INFOPLIST_FILE = YES;
				MARKETING_VERSION = 1.0;
				PRODUCT_BUNDLE_IDENTIFIER = tboneil.LandmarksUITests;
				PRODUCT_NAME = "$(TARGET_NAME)";
				SWIFT_EMIT_LOC_STRINGS = NO;
				SWIFT_VERSION = 5.0;
				TARGETED_DEVICE_FAMILY = "1,2";
				TEST_TARGET_NAME = Landmarks;
			};
			name = Debug;
		};
		1F5FCE202BD59DB2007CD73E /* Release */ = {
			isa = XCBuildConfiguration;
			buildSettings = {
				ALWAYS_EMBED_SWIFT_STANDARD_LIBRARIES = YES;
				CODE_SIGN_STYLE = Automatic;
				CURRENT_PROJECT_VERSION = 1;
				DEVELOPMENT_TEAM = 34BQ4K53KH;
				GENERATE_INFOPLIST_FILE = YES;
				MARKETING_VERSION = 1.0;
				PRODUCT_BUNDLE_IDENTIFIER = tboneil.LandmarksUITests;
				PRODUCT_NAME = "$(TARGET_NAME)";
				SWIFT_EMIT_LOC_STRINGS = NO;
				SWIFT_VERSION = 5.0;
				TARGETED_DEVICE_FAMILY = "1,2";
				TEST_TARGET_NAME = Landmarks;
			};
			name = Release;
		};
/* End XCBuildConfiguration section */

/* Begin XCConfigurationList section */
		1F5FCDEF2BD59DB1007CD73E /* Build configuration list for PBXProject "Landmarks" */ = {
			isa = XCConfigurationList;
			buildConfigurations = (
				1F5FCE162BD59DB2007CD73E /* Debug */,
				1F5FCE172BD59DB2007CD73E /* Release */,
			);
			defaultConfigurationIsVisible = 0;
			defaultConfigurationName = Release;
		};
		1F5FCE182BD59DB2007CD73E /* Build configuration list for PBXNativeTarget "Landmarks" */ = {
			isa = XCConfigurationList;
			buildConfigurations = (
				1F5FCE192BD59DB2007CD73E /* Debug */,
				1F5FCE1A2BD59DB2007CD73E /* Release */,
			);
			defaultConfigurationIsVisible = 0;
			defaultConfigurationName = Release;
		};
		1F5FCE1B2BD59DB2007CD73E /* Build configuration list for PBXNativeTarget "LandmarksTests" */ = {
			isa = XCConfigurationList;
			buildConfigurations = (
				1F5FCE1C2BD59DB2007CD73E /* Debug */,
				1F5FCE1D2BD59DB2007CD73E /* Release */,
			);
			defaultConfigurationIsVisible = 0;
			defaultConfigurationName = Release;
		};
		1F5FCE1E2BD59DB2007CD73E /* Build configuration list for PBXNativeTarget "LandmarksUITests" */ = {
			isa = XCConfigurationList;
			buildConfigurations = (
				1F5FCE1F2BD59DB2007CD73E /* Debug */,
				1F5FCE202BD59DB2007CD73E /* Release */,
			);
			defaultConfigurationIsVisible = 0;
			defaultConfigurationName = Release;
		};
/* End XCConfigurationList section */
	};
	rootObject = 1F5FCDEC2BD59DB1007CD73E /* Project object */;
}
